
Microsoft Visual Studio Solution File, Format Version 12.00
# Visual Studio Version 16
VisualStudioVersion = 16.0.29009.5
MinimumVisualStudioVersion = 10.0.40219.1
Project("{9A19103F-16F7-4668-BE54-9A1E7A4F7556}") = "RamAppData", "RamAppData\RamAppData.csproj", "{A46C647D-1153-419A-8C18-0D99AF9EEFB8}"
EndProject
Project("{FAE04EC0-301F-11D3-BF4B-00C04F79EFBC}") = "ReTstApp", "..\ReTstApp\ReTstApp\ReTstApp.csproj", "{238C6EE4-8461-46AE-84DD-E95620DEC9B8}"
EndProject
Global
	GlobalSection(SolutionConfigurationPlatforms) = preSolution
		Debug|Any CPU = Debug|Any CPU
		Release|Any CPU = Release|Any CPU
	EndGlobalSection
	GlobalSection(ProjectConfigurationPlatforms) = postSolution
		{A46C647D-1153-419A-8C18-0D99AF9EEFB8}.Debug|Any CPU.ActiveCfg = Debug|Any CPU
		{A46C647D-1153-419A-8C18-0D99AF9EEFB8}.Debug|Any CPU.Build.0 = Debug|Any CPU
		{A46C647D-1153-419A-8C18-0D99AF9EEFB8}.Release|Any CPU.ActiveCfg = Release|Any CPU
		{A46C647D-1153-419A-8C18-0D99AF9EEFB8}.Release|Any CPU.Build.0 = Release|Any CPU
		{238C6EE4-8461-46AE-84DD-E95620DEC9B8}.Debug|Any CPU.ActiveCfg = Debug|Any CPU
		{238C6EE4-8461-46AE-84DD-E95620DEC9B8}.Debug|Any CPU.Build.0 = Debug|Any CPU
		{238C6EE4-8461-46AE-84DD-E95620DEC9B8}.Release|Any CPU.ActiveCfg = Release|Any CPU
		{238C6EE4-8461-46AE-84DD-E95620DEC9B8}.Release|Any CPU.Build.0 = Release|Any CPU
	EndGlobalSection
	GlobalSection(SolutionProperties) = preSolution
		HideSolutionNode = FALSE
	EndGlobalSection
	GlobalSection(ExtensibilityGlobals) = postSolution
		SolutionGuid = {3A22C7F4-725E-49FA-9011-25BA075109E6}
	EndGlobalSection
EndGlobal
